
Microsoft Visual Studio Solution File, Format Version 12.00
# Visual Studio Version 17
VisualStudioVersion = 17.12.35728.132 d17.12
MinimumVisualStudioVersion = 10.0.40219.1
Project("{FAE04EC0-301F-11D3-BF4B-00C04F79EFBC}") = "MSProj_Analog", "MSProj_Analog.csproj", "{19FF9FCE-102D-43E1-AC31-458F1B03F63B}"
EndProject
Global
	GlobalSection(SolutionConfigurationPlatforms) = preSolution
		Debug|Any CPU = Debug|Any CPU
		Release|Any CPU = Release|Any CPU
	EndGlobalSection
	GlobalSection(ProjectConfigurationPlatforms) = postSolution
		{19FF9FCE-102D-43E1-AC31-458F1B03F63B}.Debug|Any CPU.ActiveCfg = Debug|Any CPU
		{19FF9FCE-102D-43E1-AC31-458F1B03F63B}.Debug|Any CPU.Build.0 = Debug|Any CPU
		{19FF9FCE-102D-43E1-AC31-458F1B03F63B}.Release|Any CPU.ActiveCfg = Release|Any CPU
		{19FF9FCE-102D-43E1-AC31-458F1B03F63B}.Release|Any CPU.Build.0 = Release|Any CPU
	EndGlobalSection
	GlobalSection(SolutionProperties) = preSolution
		HideSolutionNode = FALSE
	EndGlobalSection
EndGlobal
